
Microsoft Visual Studio Solution File, Format Version 12.00
# Visual Studio Version 16
VisualStudioVersion = 16.0.30804.86
MinimumVisualStudioVersion = 10.0.40219.1
Project("{FAE04EC0-301F-11D3-BF4B-00C04F79EFBC}") = "CoreServices", "CoreServices\CoreServices.csproj", "{9AB3F7DB-7F9F-41DD-8DCE-6043FAD9CA36}"
EndProject
Global
	GlobalSection(SolutionConfigurationPlatforms) = preSolution
		Debug|Any CPU = Debug|Any CPU
		Release|Any CPU = Release|Any CPU
	EndGlobalSection
	GlobalSection(ProjectConfigurationPlatforms) = postSolution
		{9AB3F7DB-7F9F-41DD-8DCE-6043FAD9CA36}.Debug|Any CPU.ActiveCfg = Debug|Any CPU
		{9AB3F7DB-7F9F-41DD-8DCE-6043FAD9CA36}.Debug|Any CPU.Build.0 = Debug|Any CPU
		{9AB3F7DB-7F9F-41DD-8DCE-6043FAD9CA36}.Release|Any CPU.ActiveCfg = Release|Any CPU
		{9AB3F7DB-7F9F-41DD-8DCE-6043FAD9CA36}.Release|Any CPU.Build.0 = Release|Any CPU
	EndGlobalSection
	GlobalSection(SolutionProperties) = preSolution
		HideSolutionNode = FALSE
	EndGlobalSection
	GlobalSection(ExtensibilityGlobals) = postSolution
		SolutionGuid = {3550FAA6-AF11-4BB8-B401-B2EAEB008022}
	EndGlobalSection
EndGlobal
